# THIS IS AN AUTOGENERATED FILE. DO NOT EDIT THIS FILE DIRECTLY.
# yarn lockfile v1


"@tootallnate/once@1":
  "integrity" "sha1-zLkURTYBeaBOf+av94wA/8Hur4I="
  "resolved" "https://r.cnpmjs.org/@tootallnate/once/download/@tootallnate/once-1.1.2.tgz"
  "version" "1.1.2"

"@types/highlight.js@^9.7.0":
  "integrity" "sha1-jDSWvRtQzASu79aRFAqlcdTb+jQ="
  "resolved" "https://r.cnpmjs.org/@types/highlight.js/download/@types/highlight.js-9.12.4.tgz"
  "version" "9.12.4"

"@types/linkify-it@*":
  "integrity" "sha1-TSap7+OqLK+CkjTsWjlYD8iLYAE="
  "resolved" "https://r.cnpmjs.org/@types/linkify-it/download/@types/linkify-it-3.0.1.tgz"
  "version" "3.0.1"

"@types/markdown-it-emoji@^2.0.1":
  "integrity" "sha1-YHaavbvS4G2X77agKvgHjw4NwTU="
  "resolved" "https://r.cnpmjs.org/@types/markdown-it-emoji/download/@types/markdown-it-emoji-2.0.1.tgz"
  "version" "2.0.1"
  dependencies:
    "@types/markdown-it" "*"

"@types/markdown-it@*", "@types/markdown-it@^12.0.1":
  "integrity" "sha1-g5Hhn+pHlv+GPt2lWADH5mm+s1g="
  "resolved" "https://r.cnpmjs.org/@types/markdown-it/download/@types/markdown-it-12.0.1.tgz"
  "version" "12.0.1"
  dependencies:
    "@types/highlight.js" "^9.7.0"
    "@types/linkify-it" "*"
    "@types/mdurl" "*"

"@types/mdurl@*":
  "integrity" "sha1-4s6dg6YTus8oTHvn1JGUXjnh+Ok="
  "resolved" "https://r.cnpmjs.org/@types/mdurl/download/@types/mdurl-1.0.2.tgz"
  "version" "1.0.2"

"@types/prop-types@*":
  "integrity" "sha1-KrDV2i5YFflLC51LldHl8kOrLKc="
  "resolved" "https://r.cnpmjs.org/@types/prop-types/download/@types/prop-types-15.7.3.tgz"
  "version" "15.7.3"

"@types/react-lazy-load-image-component@^1.5.1":
  "integrity" "sha1-jGKJDJAGVsxP0sp5YIbjlLUI5dQ="
  "resolved" "https://r.cnpmjs.org/@types/react-lazy-load-image-component/download/@types/react-lazy-load-image-component-1.5.1.tgz"
  "version" "1.5.1"
  dependencies:
    "@types/react" "*"
    "csstype" "^3.0.2"

"@types/react@*":
  "integrity" "sha1-PYh1cMRIkBH3Wj/I+WW/h9CaG+o="
  "resolved" "https://r.cnpmjs.org/@types/react/download/@types/react-17.0.5.tgz"
  "version" "17.0.5"
  dependencies:
    "@types/prop-types" "*"
    "@types/scheduler" "*"
    "csstype" "^3.0.2"

"@types/scheduler@*":
  "integrity" "sha1-GIRSBehv8AOFF6q3oYpiprn3EnU="
  "resolved" "https://r.cnpmjs.org/@types/scheduler/download/@types/scheduler-0.16.1.tgz"
  "version" "0.16.1"

"@types/turndown@^5.0.0":
  "integrity" "sha1-K3Y7NveD5OI3zqYs3I+FkrcrkoU="
  "resolved" "https://r.cnpmjs.org/@types/turndown/download/@types/turndown-5.0.0.tgz"
  "version" "5.0.0"

"address@>=0.0.1":
  "integrity" "sha1-vxEWycdYxRt6kz0pa3LCIe2UKLY="
  "resolved" "https://r.cnpmjs.org/address/download/address-1.1.2.tgz"
  "version" "1.1.2"

"agent-base@^6.0.0", "agent-base@6":
  "integrity" "sha1-Sf/1hXfP7j83F2/qtMIuAPhtf3c="
  "resolved" "https://r.cnpmjs.org/agent-base/download/agent-base-6.0.2.tgz"
  "version" "6.0.2"
  dependencies:
    "debug" "4"

"agentkeepalive@^4.0.2":
  "integrity" "sha1-2SgCikhiyxFxjlUieHLoQqRMlFs="
  "resolved" "https://r.cnpmjs.org/agentkeepalive/download/agentkeepalive-4.1.4.tgz"
  "version" "4.1.4"
  dependencies:
    "debug" "^4.1.0"
    "depd" "^1.1.2"
    "humanize-ms" "^1.2.1"

"ajv-formats@^2.0.2":
  "integrity" "sha1-aYdcuZ12x0vkbpx6RES8IyNU66A="
  "resolved" "https://r.cnpmjs.org/ajv-formats/download/ajv-formats-2.0.2.tgz"
  "version" "2.0.2"
  dependencies:
    "ajv" "^8.0.0"

"ajv@^8.0.0", "ajv@^8.1.0":
  "integrity" "sha1-RdXT02x83YCJMMw+YDz2IA2+tzY="
  "resolved" "https://r.cnpmjs.org/ajv/download/ajv-8.1.0.tgz"
  "version" "8.1.0"
  dependencies:
    "fast-deep-equal" "^3.1.1"
    "json-schema-traverse" "^1.0.0"
    "require-from-string" "^2.0.2"
    "uri-js" "^4.2.2"

"any-promise@^1.0.0", "any-promise@^1.3.0":
  "integrity" "sha1-q8av7tzqUugJzcA3au0845Y10X8="
  "resolved" "https://r.cnpmjs.org/any-promise/download/any-promise-1.3.0.tgz"
  "version" "1.3.0"

"argparse@^2.0.1":
  "integrity" "sha1-JG9Q88p4oyQPbJl+ipvR6sSeSzg="
  "resolved" "https://r.cnpmjs.org/argparse/download/argparse-2.0.1.tgz"
  "version" "2.0.1"

"ast-types@^0.13.2":
  "integrity" "sha1-7g13s0MmOWXsw/ti2hbnIisrZ4I="
  "resolved" "https://r.cnpmjs.org/ast-types/download/ast-types-0.13.4.tgz"
  "version" "0.13.4"
  dependencies:
    "tslib" "^2.0.1"

"async@^2.0.0":
  "integrity" "sha1-1yYl4jRKNlbjo61Pp0n6gymdgv8="
  "resolved" "https://registry.npm.taobao.org/async/download/async-2.6.3.tgz"
  "version" "2.6.3"
  dependencies:
    "lodash" "^4.17.14"

"atomically@^1.7.0":
  "integrity" "sha1-wHoEWEMuptvJo1Bv/6QktIvMqv4="
  "resolved" "https://r.cnpmjs.org/atomically/download/atomically-1.7.0.tgz"
  "version" "1.7.0"

"balanced-match@^1.0.0":
  "integrity" "sha1-ibTRmasr7kneFk6gK4nORi1xt2c="
  "resolved" "https://registry.npm.taobao.org/balanced-match/download/balanced-match-1.0.0.tgz"
  "version" "1.0.0"

"block-stream2@^2.0.0":
  "integrity" "sha1-rAxe9CmLOFd5bgW+jr7XIZb6BUs="
  "resolved" "https://r.cnpmjs.org/block-stream2/download/block-stream2-2.1.0.tgz"
  "version" "2.1.0"
  dependencies:
    "readable-stream" "^3.4.0"

"brace-expansion@^1.1.7":
  "integrity" "sha1-PH/L9SnYcibz0vUrlm/1Jx60Qd0="
  "resolved" "https://registry.npm.taobao.org/brace-expansion/download/brace-expansion-1.1.11.tgz?cache=0&sync_timestamp=1601898189928&other_urls=https%3A%2F%2Fregistry.npm.taobao.org%2Fbrace-expansion%2Fdownload%2Fbrace-expansion-1.1.11.tgz"
  "version" "1.1.11"
  dependencies:
    "balanced-match" "^1.0.0"
    "concat-map" "0.0.1"

"bytes@3.1.0":
  "integrity" "sha1-9s95M6Ng4FiPqf3oVlHNx/gF0fY="
  "resolved" "https://r.cnpmjs.org/bytes/download/bytes-3.1.0.tgz"
  "version" "3.1.0"

"call-bind@^1.0.0":
  "integrity" "sha1-sdTonmiBGcPJqQOtMKuy9qkZvjw="
  "resolved" "https://r.cnpmjs.org/call-bind/download/call-bind-1.0.2.tgz"
  "version" "1.0.2"
  dependencies:
    "function-bind" "^1.1.1"
    "get-intrinsic" "^1.0.2"

"charenc@0.0.2":
  "integrity" "sha1-wKHS86cJLgN3S/qD8UwPxXkKhmc="
  "resolved" "https://registry.npm.taobao.org/charenc/download/charenc-0.0.2.tgz"
  "version" "0.0.2"

"concat-map@0.0.1":
  "integrity" "sha1-2Klr13/Wjfd5OnMDajug1UBdR3s="
  "resolved" "https://registry.npm.taobao.org/concat-map/download/concat-map-0.0.1.tgz"
  "version" "0.0.1"

"conf@^10.0.0":
  "integrity" "sha1-A4CT5cvdwOWbwU9jOCxM5zKkeB0="
  "resolved" "https://r.cnpmjs.org/conf/download/conf-10.0.1.tgz"
  "version" "10.0.1"
  dependencies:
    "ajv" "^8.1.0"
    "ajv-formats" "^2.0.2"
    "atomically" "^1.7.0"
    "debounce-fn" "^4.0.0"
    "dot-prop" "^6.0.1"
    "env-paths" "^2.2.1"
    "json-schema-typed" "^7.0.3"
    "onetime" "^5.1.2"
    "pkg-up" "^3.1.0"
    "semver" "^7.3.5"

"content-type@^1.0.2":
  "integrity" "sha1-4TjMdeBAxyexlm/l5fjJruJW/js="
  "resolved" "https://r.cnpmjs.org/content-type/download/content-type-1.0.4.tgz"
  "version" "1.0.4"

"copy-to@^2.0.1":
  "integrity" "sha1-JoD7uAaKSNCGVrYJgJK9r8kG9KU="
  "resolved" "https://r.cnpmjs.org/copy-to/download/copy-to-2.0.1.tgz"
  "version" "2.0.1"

"core-util-is@~1.0.0":
  "integrity" "sha1-tf1UIgqivFq1eqtxQMlAdUUDwac="
  "resolved" "https://r.cnpmjs.org/core-util-is/download/core-util-is-1.0.2.tgz"
  "version" "1.0.2"

"crc32@^0.2.2":
  "integrity" "sha1-etIg1v/c0Rn5/BJ6d3LKzqOQpLo="
  "resolved" "https://r.cnpmjs.org/crc32/download/crc32-0.2.2.tgz"
  "version" "0.2.2"

"crypt@0.0.2":
  "integrity" "sha1-iNf/fsDfuG9xPch7u0LQRNPmxBs="
  "resolved" "https://registry.npm.taobao.org/crypt/download/crypt-0.0.2.tgz"
  "version" "0.0.2"

"csstype@^3.0.2":
  "integrity" "sha1-0iZqeScp+yJ80hb7Vy9Dco4a00A="
  "resolved" "https://r.cnpmjs.org/csstype/download/csstype-3.0.8.tgz"
  "version" "3.0.8"

"cuid@^2.1.8":
  "integrity" "sha1-y7iPlUFx4NV0dgbAE5+2XFEB6sA="
  "resolved" "https://r.cnpmjs.org/cuid/download/cuid-2.1.8.tgz"
  "version" "2.1.8"

"data-uri-to-buffer@3":
  "integrity" "sha1-WUuJc5OMW8LDMEZTV4U0GrxPNjY="
  "resolved" "https://r.cnpmjs.org/data-uri-to-buffer/download/data-uri-to-buffer-3.0.1.tgz"
  "version" "3.0.1"

"debounce-fn@^4.0.0":
  "integrity" "sha1-7XbSBtilDmDeDdZtSU2Cg1/+Ycc="
  "resolved" "https://r.cnpmjs.org/debounce-fn/download/debounce-fn-4.0.0.tgz"
  "version" "4.0.0"
  dependencies:
    "mimic-fn" "^3.0.0"

"debug@^2.6.9":
  "integrity" "sha1-XRKFFd8TT/Mn6QpMk/Tgd6U2NB8="
  "resolved" "https://r.cnpmjs.org/debug/download/debug-2.6.9.tgz"
  "version" "2.6.9"
  dependencies:
    "ms" "2.0.0"

"debug@^4.1.0", "debug@4":
  "integrity" "sha1-8NIpxQXgxtjEmsVT0bE9wYP2su4="
  "resolved" "https://r.cnpmjs.org/debug/download/debug-4.3.1.tgz"
  "version" "4.3.1"
  dependencies:
    "ms" "2.1.2"

"deep-is@~0.1.3":
  "integrity" "sha1-s2nW+128E+7PUk+RsHD+7cNXzzQ="
  "resolved" "https://r.cnpmjs.org/deep-is/download/deep-is-0.1.3.tgz"
  "version" "0.1.3"

"default-user-agent@^1.0.0":
  "integrity" "sha1-FsRu/cq6PtxF8k8r1IaLAbfCrcY="
  "resolved" "https://r.cnpmjs.org/default-user-agent/download/default-user-agent-1.0.0.tgz"
  "version" "1.0.0"
  dependencies:
    "os-name" "~1.0.3"

"degenerator@^2.2.0":
  "integrity" "sha1-SemMEfoCk8Wybt+7UvFXKa/NslQ="
  "resolved" "https://r.cnpmjs.org/degenerator/download/degenerator-2.2.0.tgz"
  "version" "2.2.0"
  dependencies:
    "ast-types" "^0.13.2"
    "escodegen" "^1.8.1"
    "esprima" "^4.0.0"

"depd@^1.1.2", "depd@~1.1.2":
  "integrity" "sha1-m81S4UwJd2PnSbJ0xDRu0uVgtak="
  "resolved" "https://r.cnpmjs.org/depd/download/depd-1.1.2.tgz"
  "version" "1.1.2"

"destroy@^1.0.4":
  "integrity" "sha1-l4hXRCxEdJ5CBmE+N5RiBYJqvYA="
  "resolved" "https://r.cnpmjs.org/destroy/download/destroy-1.0.4.tgz"
  "version" "1.0.4"

"digest-header@^0.0.1":
  "integrity" "sha1-Ecz23uxXZqw3l0TZAcEsuklRS+Y="
  "resolved" "https://r.cnpmjs.org/digest-header/download/digest-header-0.0.1.tgz"
  "version" "0.0.1"
  dependencies:
    "utility" "0.1.11"

"domino@^2.1.6":
  "integrity" "sha1-/krOQxBSbl57nRLH3gG39IWlf/4="
  "resolved" "https://r.cnpmjs.org/domino/download/domino-2.1.6.tgz"
  "version" "2.1.6"

"dot-prop@^6.0.1":
  "integrity" "sha1-/CazzxQrnlm3Tb057WbOYgxoEIM="
  "resolved" "https://r.cnpmjs.org/dot-prop/download/dot-prop-6.0.1.tgz"
  "version" "6.0.1"
  dependencies:
    "is-obj" "^2.0.0"

"ee-first@~1.1.1":
  "integrity" "sha1-WQxhFWsK4vTwJVcyoViyZrxWsh0="
  "resolved" "https://r.cnpmjs.org/ee-first/download/ee-first-1.1.1.tgz"
  "version" "1.1.1"

"electron-json-storage@^4.3.0":
  "integrity" "sha1-mIY2lQIKsPYj6b81dU1be7dDo4M="
  "resolved" "https://registry.npm.taobao.org/electron-json-storage/download/electron-json-storage-4.3.0.tgz"
  "version" "4.3.0"
  dependencies:
    "async" "^2.0.0"
    "lockfile" "^1.0.4"
    "lodash" "^4.0.1"
    "mkdirp" "^0.5.1"
    "rimraf" "^2.5.1"
    "write-file-atomic" "^2.4.2"

"electron-store@^8.0.0":
  "integrity" "sha1-gaTmh5WOLa4cXITMCZqBSL53Yzc="
  "resolved" "https://r.cnpmjs.org/electron-store/download/electron-store-8.0.0.tgz"
  "version" "8.0.0"
  dependencies:
    "conf" "^10.0.0"
    "type-fest" "^1.0.2"

"encodeurl@^1.0.1":
  "integrity" "sha1-rT/0yG7C0CkyL1oCw6mmBslbP1k="
  "resolved" "https://r.cnpmjs.org/encodeurl/download/encodeurl-1.0.2.tgz"
  "version" "1.0.2"

"end-of-stream@^1.1.0":
  "integrity" "sha1-WuZKX0UFe682JuwU2gyl5LJDHrA="
  "resolved" "https://r.cnpmjs.org/end-of-stream/download/end-of-stream-1.4.4.tgz"
  "version" "1.4.4"
  dependencies:
    "once" "^1.4.0"

"entities@~2.1.0":
  "integrity" "sha1-mS0xKc999ocLlsV4WMJJoSD4uLU="
  "resolved" "https://r.cnpmjs.org/entities/download/entities-2.1.0.tgz"
  "version" "2.1.0"

"env-paths@^2.2.1":
  "integrity" "sha1-QgOZ1BbOH76bwKB8Yvpo1n/Q+PI="
  "resolved" "https://r.cnpmjs.org/env-paths/download/env-paths-2.2.1.tgz"
  "version" "2.2.1"

"escape-html@^1.0.3":
  "integrity" "sha1-Aljq5NPQwJdN4cFpGI7wBR0dGYg="
  "resolved" "https://r.cnpmjs.org/escape-html/download/escape-html-1.0.3.tgz"
  "version" "1.0.3"

"escodegen@^1.8.1":
  "integrity" "sha1-TnuB+6YVgdyXWC7XjKt/Do1j9QM="
  "resolved" "https://r.cnpmjs.org/escodegen/download/escodegen-1.14.3.tgz"
  "version" "1.14.3"
  dependencies:
    "esprima" "^4.0.1"
    "estraverse" "^4.2.0"
    "esutils" "^2.0.2"
    "optionator" "^0.8.1"
  optionalDependencies:
    "source-map" "~0.6.1"

"esprima@^4.0.0", "esprima@^4.0.1":
  "integrity" "sha1-E7BM2z5sXRnfkatph6hpVhmwqnE="
  "resolved" "https://r.cnpmjs.org/esprima/download/esprima-4.0.1.tgz"
  "version" "4.0.1"

"estraverse@^4.2.0":
  "integrity" "sha1-OYrT88WiSUi+dyXoPRGn3ijNvR0="
  "resolved" "https://r.cnpmjs.org/estraverse/download/estraverse-4.3.0.tgz"
  "version" "4.3.0"

"esutils@^2.0.2":
  "integrity" "sha1-dNLrTeC42hKTcRkQ1Qd1ubcQ72Q="
  "resolved" "https://r.cnpmjs.org/esutils/download/esutils-2.0.3.tgz"
  "version" "2.0.3"

"extend-shallow@^2.0.1":
  "integrity" "sha1-Ua99YUrZqfYQ6huvu5idaxxWiQ8="
  "resolved" "https://r.cnpmjs.org/extend-shallow/download/extend-shallow-2.0.1.tgz"
  "version" "2.0.1"
  dependencies:
    "is-extendable" "^0.1.0"

"fast-deep-equal@^3.1.1":
  "integrity" "sha1-On1WtVnWy8PrUSMlJE5hmmXGxSU="
  "resolved" "https://r.cnpmjs.org/fast-deep-equal/download/fast-deep-equal-3.1.3.tgz"
  "version" "3.1.3"

"fast-levenshtein@~2.0.6":
  "integrity" "sha1-PYpcZog6FqMMqGQ+hR8Zuqd5eRc="
  "resolved" "https://r.cnpmjs.org/fast-levenshtein/download/fast-levenshtein-2.0.6.tgz"
  "version" "2.0.6"

"file-uri-to-path@2":
  "integrity" "sha1-e0Fa66In1XWFHgpbDGQNdlZAP7o="
  "resolved" "https://r.cnpmjs.org/file-uri-to-path/download/file-uri-to-path-2.0.0.tgz"
  "version" "2.0.0"

"find-up@^3.0.0":
  "integrity" "sha1-SRafHXmTQwZG2mHsxa41XCHJe3M="
  "resolved" "https://r.cnpmjs.org/find-up/download/find-up-3.0.0.tgz"
  "version" "3.0.0"
  dependencies:
    "locate-path" "^3.0.0"

"formstream@^1.1.0":
  "integrity" "sha1-UfOXDyYTbrCtRDBN5M67UCB7RHk="
  "resolved" "https://r.cnpmjs.org/formstream/download/formstream-1.1.0.tgz"
  "version" "1.1.0"
  dependencies:
    "destroy" "^1.0.4"
    "mime" "^1.3.4"
    "pause-stream" "~0.0.11"

"fs-extra@^8.1.0":
  "integrity" "sha1-SdQ8RaiM2Wd2aMt74bRu/bjS4cA="
  "resolved" "https://r.cnpmjs.org/fs-extra/download/fs-extra-8.1.0.tgz"
  "version" "8.1.0"
  dependencies:
    "graceful-fs" "^4.2.0"
    "jsonfile" "^4.0.0"
    "universalify" "^0.1.0"

"fs.realpath@^1.0.0":
  "integrity" "sha1-FQStJSMVjKpA20onh8sBQRmU6k8="
  "resolved" "https://registry.npm.taobao.org/fs.realpath/download/fs.realpath-1.0.0.tgz"
  "version" "1.0.0"

"ftp@^0.3.10":
  "integrity" "sha1-kZfYYa2BQvPmPVqDv+TFn3MwiF0="
  "resolved" "https://r.cnpmjs.org/ftp/download/ftp-0.3.10.tgz"
  "version" "0.3.10"
  dependencies:
    "readable-stream" "1.1.x"
    "xregexp" "2.0.0"

"function-bind@^1.1.1":
  "integrity" "sha1-pWiZ0+o8m6uHS7l3O3xe3pL0iV0="
  "resolved" "https://r.cnpmjs.org/function-bind/download/function-bind-1.1.1.tgz"
  "version" "1.1.1"

"get-intrinsic@^1.0.2":
  "integrity" "sha1-FfWfN2+FXERpY5SPDSTNNje0q8Y="
  "resolved" "https://r.cnpmjs.org/get-intrinsic/download/get-intrinsic-1.1.1.tgz"
  "version" "1.1.1"
  dependencies:
    "function-bind" "^1.1.1"
    "has" "^1.0.3"
    "has-symbols" "^1.0.1"

"get-uri@3":
  "integrity" "sha1-8O8TVvqrxw4flAT6O2ayupv8clw="
  "resolved" "https://r.cnpmjs.org/get-uri/download/get-uri-3.0.2.tgz"
  "version" "3.0.2"
  dependencies:
    "@tootallnate/once" "1"
    "data-uri-to-buffer" "3"
    "debug" "4"
    "file-uri-to-path" "2"
    "fs-extra" "^8.1.0"
    "ftp" "^0.3.10"

"glob@^7.1.3":
  "integrity" "sha1-FB8zuBp8JJLhJVlDB0gMRmeSeKY="
  "resolved" "https://registry.npm.taobao.org/glob/download/glob-7.1.6.tgz?cache=0&other_urls=https%3A%2F%2Fregistry.npm.taobao.org%2Fglob%2Fdownload%2Fglob-7.1.6.tgz"
  "version" "7.1.6"
  dependencies:
    "fs.realpath" "^1.0.0"
    "inflight" "^1.0.4"
    "inherits" "2"
    "minimatch" "^3.0.4"
    "once" "^1.3.0"
    "path-is-absolute" "^1.0.0"

"graceful-fs@^4.1.11":
  "integrity" "sha1-Ila94U02MpWMRl68ltxGfKB6Kfs="
  "resolved" "https://registry.npm.taobao.org/graceful-fs/download/graceful-fs-4.2.4.tgz"
  "version" "4.2.4"

"graceful-fs@^4.1.6", "graceful-fs@^4.2.0":
  "integrity" "sha1-/wQLKwhTsjw9MQJ1I3BvGIXXa+4="
  "resolved" "https://r.cnpmjs.org/graceful-fs/download/graceful-fs-4.2.6.tgz"
  "version" "4.2.6"

"has-symbols@^1.0.1":
  "integrity" "sha1-Fl0wcMADCXUqEjakeTMeOsVvFCM="
  "resolved" "https://r.cnpmjs.org/has-symbols/download/has-symbols-1.0.2.tgz"
  "version" "1.0.2"

"has@^1.0.3":
  "integrity" "sha1-ci18v8H2qoJB8W3YFOAR4fQeh5Y="
  "resolved" "https://r.cnpmjs.org/has/download/has-1.0.3.tgz"
  "version" "1.0.3"
  dependencies:
    "function-bind" "^1.1.1"

"http-errors@1.7.3":
  "integrity" "sha1-bGGeT5xgMIw4UZSYwU+7EKrOuwY="
  "resolved" "https://r.cnpmjs.org/http-errors/download/http-errors-1.7.3.tgz"
  "version" "1.7.3"
  dependencies:
    "depd" "~1.1.2"
    "inherits" "2.0.4"
    "setprototypeof" "1.1.1"
    "statuses" ">= 1.5.0 < 2"
    "toidentifier" "1.0.0"

"http-proxy-agent@^4.0.0", "http-proxy-agent@^4.0.1":
  "integrity" "sha1-ioyO9/WTLM+VPClsqCkblap0qjo="
  "resolved" "https://r.cnpmjs.org/http-proxy-agent/download/http-proxy-agent-4.0.1.tgz"
  "version" "4.0.1"
  dependencies:
    "@tootallnate/once" "1"
    "agent-base" "6"
    "debug" "4"

"https-proxy-agent@^5.0.0", "https-proxy-agent@5":
  "integrity" "sha1-4qkFQqu2inYuCghQ9sntrf2FBrI="
  "resolved" "https://r.cnpmjs.org/https-proxy-agent/download/https-proxy-agent-5.0.0.tgz"
  "version" "5.0.0"
  dependencies:
    "agent-base" "6"
    "debug" "4"

"humanize-ms@^1.2.0", "humanize-ms@^1.2.1":
  "integrity" "sha1-xG4xWaKT9riW2ikxbYtv6Lt5u+0="
  "resolved" "https://r.cnpmjs.org/humanize-ms/download/humanize-ms-1.2.1.tgz"
  "version" "1.2.1"
  dependencies:
    "ms" "^2.0.0"

"iconv-lite@^0.4.15", "iconv-lite@0.4.24":
  "integrity" "sha1-ICK0sl+93CHS9SSXSkdKr+czkIs="
  "resolved" "https://r.cnpmjs.org/iconv-lite/download/iconv-lite-0.4.24.tgz"
  "version" "0.4.24"
  dependencies:
    "safer-buffer" ">= 2.1.2 < 3"

"imurmurhash@^0.1.4":
  "integrity" "sha1-khi5srkoojixPcT7a21XbyMUU+o="
  "resolved" "https://registry.npm.taobao.org/imurmurhash/download/imurmurhash-0.1.4.tgz"
  "version" "0.1.4"

"inflight@^1.0.4":
  "integrity" "sha1-Sb1jMdfQLQwJvJEKEHW6gWW1bfk="
  "resolved" "https://registry.npm.taobao.org/inflight/download/inflight-1.0.6.tgz"
  "version" "1.0.6"
  dependencies:
    "once" "^1.3.0"
    "wrappy" "1"

"inherits@^2.0.3", "inherits@~2.0.1", "inherits@2", "inherits@2.0.4":
  "integrity" "sha1-D6LGT5MpF8NDOg3tVTY6rjdBa3w="
  "resolved" "https://registry.npm.taobao.org/inherits/download/inherits-2.0.4.tgz"
  "version" "2.0.4"

"ip@^1.1.5":
  "integrity" "sha1-vd7XARQpCCjAoDnnLvJfWq7ENUo="
  "resolved" "https://r.cnpmjs.org/ip/download/ip-1.1.5.tgz"
  "version" "1.1.5"

"is-buffer@~1.1.6":
  "integrity" "sha1-76ouqdqg16suoTqXsritUf776L4="
  "resolved" "https://registry.npm.taobao.org/is-buffer/download/is-buffer-1.1.6.tgz?cache=0&sync_timestamp=1604432378894&other_urls=https%3A%2F%2Fregistry.npm.taobao.org%2Fis-buffer%2Fdownload%2Fis-buffer-1.1.6.tgz"
  "version" "1.1.6"

"is-extendable@^0.1.0":
  "integrity" "sha1-YrEQ4omkcUGOPsNqYX1HLjAd/Ik="
  "resolved" "https://r.cnpmjs.org/is-extendable/download/is-extendable-0.1.1.tgz"
  "version" "0.1.1"

"is-obj@^2.0.0":
  "integrity" "sha1-Rz+wXZc3BeP9liBUUBjKjiLvSYI="
  "resolved" "https://r.cnpmjs.org/is-obj/download/is-obj-2.0.0.tgz"
  "version" "2.0.0"

"isarray@0.0.1":
  "integrity" "sha1-ihis/Kmo9Bd+Cav8YDiTmwXR7t8="
  "resolved" "https://r.cnpmjs.org/isarray/download/isarray-0.0.1.tgz"
  "version" "0.0.1"

"json-schema-traverse@^1.0.0":
  "integrity" "sha1-rnvLNlard6c7pcSb9lTzjmtoYOI="
  "resolved" "https://r.cnpmjs.org/json-schema-traverse/download/json-schema-traverse-1.0.0.tgz"
  "version" "1.0.0"

"json-schema-typed@^7.0.3":
  "integrity" "sha1-I/9IG4tO680soSO0+gQJ5mRpotk="
  "resolved" "https://r.cnpmjs.org/json-schema-typed/download/json-schema-typed-7.0.3.tgz"
  "version" "7.0.3"

"jsonfile@^4.0.0":
  "integrity" "sha1-h3Gq4HmbZAdrdmQPygWPnBDjPss="
  "resolved" "https://r.cnpmjs.org/jsonfile/download/jsonfile-4.0.0.tgz"
  "version" "4.0.0"
  optionalDependencies:
    "graceful-fs" "^4.1.6"

"levn@~0.3.0":
  "integrity" "sha1-OwmSTt+fCDwEkP3UwLxEIeBHZO4="
  "resolved" "https://r.cnpmjs.org/levn/download/levn-0.3.0.tgz"
  "version" "0.3.0"
  dependencies:
    "prelude-ls" "~1.1.2"
    "type-check" "~0.3.2"

"linkify-it@^3.0.1":
  "integrity" "sha1-9V7ri8HTrnVASeEkqzu1bZd5f7g="
  "resolved" "https://r.cnpmjs.org/linkify-it/download/linkify-it-3.0.2.tgz"
  "version" "3.0.2"
  dependencies:
    "uc.micro" "^1.0.1"

"locate-path@^3.0.0":
  "integrity" "sha1-2+w7OrdZdYBxtY/ln8QYca8hQA4="
  "resolved" "https://r.cnpmjs.org/locate-path/download/locate-path-3.0.0.tgz"
  "version" "3.0.0"
  dependencies:
    "p-locate" "^3.0.0"
    "path-exists" "^3.0.0"

"lockfile@^1.0.4":
  "integrity" "sha1-B/gZ0lrkj4flOOZXi2lkpJgaVgk="
  "resolved" "https://registry.npm.taobao.org/lockfile/download/lockfile-1.0.4.tgz"
  "version" "1.0.4"
  dependencies:
    "signal-exit" "^3.0.2"

"lodash@^4.0.1", "lodash@^4.17.14":
  "integrity" "sha1-tEqbYpe8tpjxxRo1RaKzs2jVnFI="
  "resolved" "https://registry.npm.taobao.org/lodash/download/lodash-4.17.20.tgz?cache=0&sync_timestamp=1597336196663&other_urls=https%3A%2F%2Fregistry.npm.taobao.org%2Flodash%2Fdownload%2Flodash-4.17.20.tgz"
  "version" "4.17.20"

"lru-cache@^5.1.1":
  "integrity" "sha1-HaJ+ZxAnGUdpXa9oSOhH8B2EuSA="
  "resolved" "https://r.cnpmjs.org/lru-cache/download/lru-cache-5.1.1.tgz"
  "version" "5.1.1"
  dependencies:
    "yallist" "^3.0.2"

"lru-cache@^6.0.0":
  "integrity" "sha1-bW/mVw69lqr5D8rR2vo7JWbbOpQ="
  "resolved" "https://r.cnpmjs.org/lru-cache/download/lru-cache-6.0.0.tgz"
  "version" "6.0.0"
  dependencies:
    "yallist" "^4.0.0"

"markdown-it-emoji@^2.0.0":
  "integrity" "sha1-MWStTACe/ZRumCdPdWKtYRCJojE="
  "resolved" "https://r.cnpmjs.org/markdown-it-emoji/download/markdown-it-emoji-2.0.0.tgz"
  "version" "2.0.0"

"markdown-it@^12.0.6":
  "integrity" "sha1-rcyOX+Agryksy98WH+hPGWFRYTg="
  "resolved" "https://r.cnpmjs.org/markdown-it/download/markdown-it-12.0.6.tgz"
  "version" "12.0.6"
  dependencies:
    "argparse" "^2.0.1"
    "entities" "~2.1.0"
    "linkify-it" "^3.0.1"
    "mdurl" "^1.0.1"
    "uc.micro" "^1.0.5"

"md5@^2.3.0":
  "integrity" "sha1-w9qaaq46MLRreww0m4exENw72k8="
  "resolved" "https://registry.npm.taobao.org/md5/download/md5-2.3.0.tgz"
  "version" "2.3.0"
  dependencies:
    "charenc" "0.0.2"
    "crypt" "0.0.2"
    "is-buffer" "~1.1.6"

"mdurl@^1.0.1":
  "integrity" "sha1-/oWy7HWlkDfyrf7BAP1sYBdhFS4="
  "resolved" "https://r.cnpmjs.org/mdurl/download/mdurl-1.0.1.tgz"
  "version" "1.0.1"

"mime@^1.3.4":
  "integrity" "sha1-Ms2eXGRVO9WNGaVor0Uqz/BJgbE="
  "resolved" "https://r.cnpmjs.org/mime/download/mime-1.6.0.tgz"
  "version" "1.6.0"

"mime@^2.4.4":
  "integrity" "sha1-bj3GzCuVEGQ4MOXxnVy3U9pe6r4="
  "resolved" "https://r.cnpmjs.org/mime/download/mime-2.5.2.tgz"
  "version" "2.5.2"

"mimic-fn@^2.1.0":
  "integrity" "sha1-ftLCzMyvhNP/y3pptXcR/CCDQBs="
  "resolved" "https://r.cnpmjs.org/mimic-fn/download/mimic-fn-2.1.0.tgz"
  "version" "2.1.0"

"mimic-fn@^3.0.0":
  "integrity" "sha1-ZXVRRbvz42lUuUnBZFBCdFHVynQ="
  "resolved" "https://r.cnpmjs.org/mimic-fn/download/mimic-fn-3.1.0.tgz"
  "version" "3.1.0"

"minimatch@^3.0.4":
  "integrity" "sha1-UWbihkV/AzBgZL5Ul+jbsMPTIIM="
  "resolved" "https://registry.npm.taobao.org/minimatch/download/minimatch-3.0.4.tgz"
  "version" "3.0.4"
  dependencies:
    "brace-expansion" "^1.1.7"

"minimist@^1.1.0", "minimist@^1.2.5":
  "integrity" "sha1-Z9ZgFLZqaoqqDAg8X9WN9OTpdgI="
  "resolved" "https://registry.npm.taobao.org/minimist/download/minimist-1.2.5.tgz?cache=0&other_urls=https%3A%2F%2Fregistry.npm.taobao.org%2Fminimist%2Fdownload%2Fminimist-1.2.5.tgz"
  "version" "1.2.5"

"mkdirp@^0.5.1":
  "integrity" "sha1-2Rzv1i0UNsoPQWIOJRKI1CAJne8="
  "resolved" "https://registry.npm.taobao.org/mkdirp/download/mkdirp-0.5.5.tgz"
  "version" "0.5.5"
  dependencies:
    "minimist" "^1.2.5"

"ms@^2.0.0":
  "integrity" "sha1-V0yBOM4dK1hh8LRFedut1gxmFbI="
  "resolved" "https://r.cnpmjs.org/ms/download/ms-2.1.3.tgz"
  "version" "2.1.3"

"ms@2.0.0":
  "integrity" "sha1-VgiurfwAvmwpAd9fmGF4jeDVl8g="
  "resolved" "https://r.cnpmjs.org/ms/download/ms-2.0.0.tgz"
  "version" "2.0.0"

"ms@2.1.2":
  "integrity" "sha1-0J0fNXtEP0kzgqjrPM0YOHKuYAk="
  "resolved" "https://r.cnpmjs.org/ms/download/ms-2.1.2.tgz"
  "version" "2.1.2"

"mz@^2.7.0":
  "integrity" "sha1-lQCAV6Vsr63CvGPd5/n/aVWUjjI="
  "resolved" "https://r.cnpmjs.org/mz/download/mz-2.7.0.tgz"
  "version" "2.7.0"
  dependencies:
    "any-promise" "^1.0.0"
    "object-assign" "^4.0.1"
    "thenify-all" "^1.0.0"

"netmask@^2.0.1":
  "integrity" "sha1-iwGgdkQGXVNjg4NYI7xSAE66xec="
  "resolved" "https://r.cnpmjs.org/netmask/download/netmask-2.0.2.tgz"
  "version" "2.0.2"

"object-assign@^4.0.1":
  "integrity" "sha1-IQmtx5ZYh8/AXLvUQsrIv7s2CGM="
  "resolved" "https://r.cnpmjs.org/object-assign/download/object-assign-4.1.1.tgz"
  "version" "4.1.1"

"object-inspect@^1.9.0":
  "integrity" "sha1-tjhaPit8rgter8+Qzd+F0Sh2fzA="
  "resolved" "https://r.cnpmjs.org/object-inspect/download/object-inspect-1.10.2.tgz"
  "version" "1.10.2"

"once@^1.3.0", "once@^1.3.1", "once@^1.4.0":
  "integrity" "sha1-WDsap3WWHUsROsF9nFC6753Xa9E="
  "resolved" "https://registry.npm.taobao.org/once/download/once-1.4.0.tgz"
  "version" "1.4.0"
  dependencies:
    "wrappy" "1"

"onetime@^5.1.2":
  "integrity" "sha1-0Oluu1awdHbfHdnEgG5SN5hcpF4="
  "resolved" "https://r.cnpmjs.org/onetime/download/onetime-5.1.2.tgz"
  "version" "5.1.2"
  dependencies:
    "mimic-fn" "^2.1.0"

"optionator@^0.8.1":
  "integrity" "sha1-hPodA2/p08fiHZmIS2ARZ+yPtJU="
  "resolved" "https://r.cnpmjs.org/optionator/download/optionator-0.8.3.tgz"
  "version" "0.8.3"
  dependencies:
    "deep-is" "~0.1.3"
    "fast-levenshtein" "~2.0.6"
    "levn" "~0.3.0"
    "prelude-ls" "~1.1.2"
    "type-check" "~0.3.2"
    "word-wrap" "~1.2.3"

"os-name@~1.0.3":
  "integrity" "sha1-GzefZINa98Wn9JizV8uVIVwVnt8="
  "resolved" "https://r.cnpmjs.org/os-name/download/os-name-1.0.3.tgz"
  "version" "1.0.3"
  dependencies:
    "osx-release" "^1.0.0"
    "win-release" "^1.0.0"

"osx-release@^1.0.0":
  "integrity" "sha1-8heRGigTaUmvG/kwiyQeJzfTzWw="
  "resolved" "https://r.cnpmjs.org/osx-release/download/osx-release-1.1.0.tgz"
  "version" "1.1.0"
  dependencies:
    "minimist" "^1.1.0"

"p-limit@^2.0.0":
  "integrity" "sha1-PdM8ZHohT9//2DWTPrCG2g3CHbE="
  "resolved" "https://r.cnpmjs.org/p-limit/download/p-limit-2.3.0.tgz"
  "version" "2.3.0"
  dependencies:
    "p-try" "^2.0.0"

"p-locate@^3.0.0":
  "integrity" "sha1-Mi1poFwCZLJZl9n0DNiokasAZKQ="
  "resolved" "https://r.cnpmjs.org/p-locate/download/p-locate-3.0.0.tgz"
  "version" "3.0.0"
  dependencies:
    "p-limit" "^2.0.0"

"p-try@^2.0.0":
  "integrity" "sha1-yyhoVA4xPWHeWPr741zpAE1VQOY="
  "resolved" "https://r.cnpmjs.org/p-try/download/p-try-2.2.0.tgz"
  "version" "2.2.0"

"pac-proxy-agent@^4.1.0":
  "integrity" "sha1-Zog+6rrckV/F6VRXMkyw8Kx43vs="
  "resolved" "https://r.cnpmjs.org/pac-proxy-agent/download/pac-proxy-agent-4.1.0.tgz"
  "version" "4.1.0"
  dependencies:
    "@tootallnate/once" "1"
    "agent-base" "6"
    "debug" "4"
    "get-uri" "3"
    "http-proxy-agent" "^4.0.1"
    "https-proxy-agent" "5"
    "pac-resolver" "^4.1.0"
    "raw-body" "^2.2.0"
    "socks-proxy-agent" "5"

"pac-resolver@^4.1.0":
  "integrity" "sha1-uCvLmZLUgWaSC8g8dUKrtFS9m90="
  "resolved" "https://r.cnpmjs.org/pac-resolver/download/pac-resolver-4.2.0.tgz"
  "version" "4.2.0"
  dependencies:
    "degenerator" "^2.2.0"
    "ip" "^1.1.5"
    "netmask" "^2.0.1"

"path-exists@^3.0.0":
  "integrity" "sha1-zg6+ql94yxiSXqfYENe1mwEP1RU="
  "resolved" "https://r.cnpmjs.org/path-exists/download/path-exists-3.0.0.tgz"
  "version" "3.0.0"

"path-is-absolute@^1.0.0":
  "integrity" "sha1-F0uSaHNVNP+8es5r9TpanhtcX18="
  "resolved" "https://registry.npm.taobao.org/path-is-absolute/download/path-is-absolute-1.0.1.tgz"
  "version" "1.0.1"

"pause-stream@~0.0.11":
  "integrity" "sha1-/lo0sMvOErWqaitAPuLnO2AvFEU="
  "resolved" "https://r.cnpmjs.org/pause-stream/download/pause-stream-0.0.11.tgz"
  "version" "0.0.11"
  dependencies:
    "through" "~2.3"

"pkg-up@^3.1.0":
  "integrity" "sha1-EA7CNcwVDk/UJRlBJZaihRKg3vU="
  "resolved" "https://r.cnpmjs.org/pkg-up/download/pkg-up-3.1.0.tgz"
  "version" "3.1.0"
  dependencies:
    "find-up" "^3.0.0"

"prelude-ls@~1.1.2":
  "integrity" "sha1-IZMqVJ9eUv/ZqCf1cOBL5iqX2lQ="
  "resolved" "https://r.cnpmjs.org/prelude-ls/download/prelude-ls-1.1.2.tgz"
  "version" "1.1.2"

"proxy-agent@^4.0.1":
  "integrity" "sha1-MmwyUHdscETNGWVcy/rfLgZaBFw="
  "resolved" "https://r.cnpmjs.org/proxy-agent/download/proxy-agent-4.0.1.tgz"
  "version" "4.0.1"
  dependencies:
    "agent-base" "^6.0.0"
    "debug" "4"
    "http-proxy-agent" "^4.0.0"
    "https-proxy-agent" "^5.0.0"
    "lru-cache" "^5.1.1"
    "pac-proxy-agent" "^4.1.0"
    "proxy-from-env" "^1.0.0"
    "socks-proxy-agent" "^5.0.0"

"proxy-from-env@^1.0.0":
  "integrity" "sha1-4QLxbKNVQkhldV0sno6k8k1Yw+I="
  "resolved" "https://r.cnpmjs.org/proxy-from-env/download/proxy-from-env-1.1.0.tgz"
  "version" "1.1.0"

"pump@^3.0.0":
  "integrity" "sha1-tKIRaBW94vTh6mAjVOjHVWUQemQ="
  "resolved" "https://r.cnpmjs.org/pump/download/pump-3.0.0.tgz"
  "version" "3.0.0"
  dependencies:
    "end-of-stream" "^1.1.0"
    "once" "^1.3.1"

"punycode@^2.1.0":
  "integrity" "sha1-tYsBCsQMIsVldhbI0sLALHv0eew="
  "resolved" "https://r.cnpmjs.org/punycode/download/punycode-2.1.1.tgz"
  "version" "2.1.1"

"qiniu@^7.3.2":
  "integrity" "sha1-JlX/xlOWJytLGqqFiKp7HMFn08s="
  "resolved" "https://r.cnpmjs.org/qiniu/download/qiniu-7.3.2.tgz"
  "version" "7.3.2"
  dependencies:
    "agentkeepalive" "^4.0.2"
    "block-stream2" "^2.0.0"
    "crc32" "^0.2.2"
    "destroy" "^1.0.4"
    "encodeurl" "^1.0.1"
    "formstream" "^1.1.0"
    "mime" "^2.4.4"
    "tunnel-agent" "^0.6.0"
    "urllib" "^2.34.1"

"qs@^6.4.0":
  "integrity" "sha1-STFIL6jWR6Wqt5nFJx0hM7mB+2o="
  "resolved" "https://r.cnpmjs.org/qs/download/qs-6.10.1.tgz"
  "version" "6.10.1"
  dependencies:
    "side-channel" "^1.0.4"

"raw-body@^2.2.0":
  "integrity" "sha1-MKyC+Yu1rowVLmcUnayNVRU7Fow="
  "resolved" "https://r.cnpmjs.org/raw-body/download/raw-body-2.4.1.tgz"
  "version" "2.4.1"
  dependencies:
    "bytes" "3.1.0"
    "http-errors" "1.7.3"
    "iconv-lite" "0.4.24"
    "unpipe" "1.0.0"

"readable-stream@^3.4.0":
  "integrity" "sha1-M3u9o63AcGvT4CRCaihtS0sskZg="
  "resolved" "https://r.cnpmjs.org/readable-stream/download/readable-stream-3.6.0.tgz"
  "version" "3.6.0"
  dependencies:
    "inherits" "^2.0.3"
    "string_decoder" "^1.1.1"
    "util-deprecate" "^1.0.1"

"readable-stream@1.1.x":
  "integrity" "sha1-fPTFTvZI44EwhMY23SB54WbAgdk="
  "resolved" "https://r.cnpmjs.org/readable-stream/download/readable-stream-1.1.14.tgz"
  "version" "1.1.14"
  dependencies:
    "core-util-is" "~1.0.0"
    "inherits" "~2.0.1"
    "isarray" "0.0.1"
    "string_decoder" "~0.10.x"

"require-from-string@^2.0.2":
  "integrity" "sha1-iaf92TgmEmcxjq/hT5wy5ZjDaQk="
  "resolved" "https://r.cnpmjs.org/require-from-string/download/require-from-string-2.0.2.tgz"
  "version" "2.0.2"

"rimraf@^2.5.1":
  "integrity" "sha1-NXl/E6f9rcVmFCwp1PB8ytSD4+w="
  "resolved" "https://registry.npm.taobao.org/rimraf/download/rimraf-2.7.1.tgz?cache=0&sync_timestamp=1593529714524&other_urls=https%3A%2F%2Fregistry.npm.taobao.org%2Frimraf%2Fdownload%2Frimraf-2.7.1.tgz"
  "version" "2.7.1"
  dependencies:
    "glob" "^7.1.3"

"safe-buffer@^5.0.1", "safe-buffer@~5.2.0":
  "integrity" "sha1-Hq+fqb2x/dTsdfWPnNtOa3gn7sY="
  "resolved" "https://r.cnpmjs.org/safe-buffer/download/safe-buffer-5.2.1.tgz"
  "version" "5.2.1"

"safer-buffer@>= 2.1.2 < 3":
  "integrity" "sha1-RPoWGwGHuVSd2Eu5GAL5vYOFzWo="
  "resolved" "https://r.cnpmjs.org/safer-buffer/download/safer-buffer-2.1.2.tgz"
  "version" "2.1.2"

"semver@^5.0.1":
  "integrity" "sha1-qVT5Ma66UI0we78Gnv8MAclhFvc="
  "resolved" "https://r.cnpmjs.org/semver/download/semver-5.7.1.tgz"
  "version" "5.7.1"

"semver@^7.3.5":
  "integrity" "sha1-C2Ich5NI2JmOSw5L6Us/EuYBjvc="
  "resolved" "https://r.cnpmjs.org/semver/download/semver-7.3.5.tgz"
  "version" "7.3.5"
  dependencies:
    "lru-cache" "^6.0.0"

"setprototypeof@1.1.1":
  "integrity" "sha1-fpWsskqpL1iF4KvvW6ExMw1K5oM="
  "resolved" "https://r.cnpmjs.org/setprototypeof/download/setprototypeof-1.1.1.tgz"
  "version" "1.1.1"

"side-channel@^1.0.4":
  "integrity" "sha1-785cj9wQTudRslxY1CkAEfpeos8="
  "resolved" "https://r.cnpmjs.org/side-channel/download/side-channel-1.0.4.tgz"
  "version" "1.0.4"
  dependencies:
    "call-bind" "^1.0.0"
    "get-intrinsic" "^1.0.2"
    "object-inspect" "^1.9.0"

"signal-exit@^3.0.2":
  "integrity" "sha1-oUEMLt2PB3sItOJTyOrPyvBXRhw="
  "resolved" "https://registry.npm.taobao.org/signal-exit/download/signal-exit-3.0.3.tgz"
  "version" "3.0.3"

"smart-buffer@^4.1.0":
  "integrity" "sha1-kWBcJdkWUvRmHqacz0XxszHKIbo="
  "resolved" "https://r.cnpmjs.org/smart-buffer/download/smart-buffer-4.1.0.tgz"
  "version" "4.1.0"

"socks-proxy-agent@^5.0.0", "socks-proxy-agent@5":
  "integrity" "sha1-fA82Tnsc9KekN+cSU77XLpAEvmA="
  "resolved" "https://r.cnpmjs.org/socks-proxy-agent/download/socks-proxy-agent-5.0.0.tgz"
  "version" "5.0.0"
  dependencies:
    "agent-base" "6"
    "debug" "4"
    "socks" "^2.3.3"

"socks@^2.3.3":
  "integrity" "sha1-mJ5lNKB88zfesbHJSqpEKWUg0w4="
  "resolved" "https://r.cnpmjs.org/socks/download/socks-2.6.1.tgz"
  "version" "2.6.1"
  dependencies:
    "ip" "^1.1.5"
    "smart-buffer" "^4.1.0"

"source-map@~0.6.1":
  "integrity" "sha1-dHIq8y6WFOnCh6jQu95IteLxomM="
  "resolved" "https://r.cnpmjs.org/source-map/download/source-map-0.6.1.tgz"
  "version" "0.6.1"

"statuses@^1.3.1", "statuses@>= 1.5.0 < 2":
  "integrity" "sha1-Fhx9rBd2Wf2YEfQ3cfqZOBR4Yow="
  "resolved" "https://r.cnpmjs.org/statuses/download/statuses-1.5.0.tgz"
  "version" "1.5.0"

"string_decoder@^1.1.1":
  "integrity" "sha1-QvEUWUpGzxqOMLCoT1bHjD7awh4="
  "resolved" "https://r.cnpmjs.org/string_decoder/download/string_decoder-1.3.0.tgz"
  "version" "1.3.0"
  dependencies:
    "safe-buffer" "~5.2.0"

"string_decoder@~0.10.x":
  "integrity" "sha1-YuIDvEF2bGwoyfyEMB2rHFMQ+pQ="
  "resolved" "https://r.cnpmjs.org/string_decoder/download/string_decoder-0.10.31.tgz"
  "version" "0.10.31"

"thenify-all@^1.0.0":
  "integrity" "sha1-GhkY1ALY/D+Y+/I02wvMjMEOlyY="
  "resolved" "https://r.cnpmjs.org/thenify-all/download/thenify-all-1.6.0.tgz"
  "version" "1.6.0"
  dependencies:
    "thenify" ">= 3.1.0 < 4"

"thenify@>= 3.1.0 < 4":
  "integrity" "sha1-iTLmhqQGYDigFt2eLKRq3Zg4qV8="
  "resolved" "https://r.cnpmjs.org/thenify/download/thenify-3.3.1.tgz"
  "version" "3.3.1"
  dependencies:
    "any-promise" "^1.0.0"

"through@~2.3":
  "integrity" "sha1-DdTJ/6q8NXlgsbckEV1+Doai4fU="
  "resolved" "https://r.cnpmjs.org/through/download/through-2.3.8.tgz"
  "version" "2.3.8"

"toidentifier@1.0.0":
  "integrity" "sha1-fhvjRw8ed5SLxD2Uo8j013UrpVM="
  "resolved" "https://r.cnpmjs.org/toidentifier/download/toidentifier-1.0.0.tgz"
  "version" "1.0.0"

"tslib@^2.0.1":
  "integrity" "sha1-+yxHWXfjXiQTEe3iaTzuHsZpj1w="
  "resolved" "https://r.cnpmjs.org/tslib/download/tslib-2.2.0.tgz"
  "version" "2.2.0"

"tunnel-agent@^0.6.0":
  "integrity" "sha1-J6XeoGs2sEoKmWZ3SykIaPD8QP0="
  "resolved" "https://r.cnpmjs.org/tunnel-agent/download/tunnel-agent-0.6.0.tgz"
  "version" "0.6.0"
  dependencies:
    "safe-buffer" "^5.0.1"

"turndown@^7.0.0":
  "integrity" "sha1-GbKmotHXADh6HgdmVBTkr0/sUiU="
  "resolved" "https://r.cnpmjs.org/turndown/download/turndown-7.0.0.tgz"
  "version" "7.0.0"
  dependencies:
    "domino" "^2.1.6"

"type-check@~0.3.2":
  "integrity" "sha1-WITKtRLPHTVeP7eE8wgEsrUg23I="
  "resolved" "https://r.cnpmjs.org/type-check/download/type-check-0.3.2.tgz"
  "version" "0.3.2"
  dependencies:
    "prelude-ls" "~1.1.2"

"type-fest@^1.0.2":
  "integrity" "sha1-P5w5mChZ84XHfDi35fFDK4o2YcY="
  "resolved" "https://r.cnpmjs.org/type-fest/download/type-fest-1.0.2.tgz"
  "version" "1.0.2"

"uc.micro@^1.0.1", "uc.micro@^1.0.5":
  "integrity" "sha1-nEEagCpAmpH8bPdAgbq6NLJEmaw="
  "resolved" "https://r.cnpmjs.org/uc.micro/download/uc.micro-1.0.6.tgz"
  "version" "1.0.6"

"unescape@^1.0.1":
  "integrity" "sha1-lW5DD2HK2KTVfYLFGPXmzF0N2pY="
  "resolved" "https://r.cnpmjs.org/unescape/download/unescape-1.0.1.tgz"
  "version" "1.0.1"
  dependencies:
    "extend-shallow" "^2.0.1"

"universalify@^0.1.0":
  "integrity" "sha1-tkb2m+OULavOzJ1mOcgNwQXvqmY="
  "resolved" "https://r.cnpmjs.org/universalify/download/universalify-0.1.2.tgz"
  "version" "0.1.2"

"unpipe@1.0.0":
  "integrity" "sha1-sr9O6FFKrmFltIF4KdIbLvSZBOw="
  "resolved" "https://r.cnpmjs.org/unpipe/download/unpipe-1.0.0.tgz"
  "version" "1.0.0"

"uri-js@^4.2.2":
  "integrity" "sha1-mxpSWVIlhZ5V9mnZKPiMbFfyp34="
  "resolved" "https://r.cnpmjs.org/uri-js/download/uri-js-4.4.1.tgz"
  "version" "4.4.1"
  dependencies:
    "punycode" "^2.1.0"

"urllib@^2.34.1":
  "integrity" "sha1-EBa4iqsysnBIpNUtNiA3ccY+Ow8="
  "resolved" "https://r.cnpmjs.org/urllib/download/urllib-2.37.1.tgz"
  "version" "2.37.1"
  dependencies:
    "any-promise" "^1.3.0"
    "content-type" "^1.0.2"
    "debug" "^2.6.9"
    "default-user-agent" "^1.0.0"
    "digest-header" "^0.0.1"
    "ee-first" "~1.1.1"
    "formstream" "^1.1.0"
    "humanize-ms" "^1.2.0"
    "iconv-lite" "^0.4.15"
    "ip" "^1.1.5"
    "proxy-agent" "^4.0.1"
    "pump" "^3.0.0"
    "qs" "^6.4.0"
    "statuses" "^1.3.1"
    "utility" "^1.16.1"

"util-deprecate@^1.0.1":
  "integrity" "sha1-RQ1Nyfpw3nMnYvvS1KKJgUGaDM8="
  "resolved" "https://r.cnpmjs.org/util-deprecate/download/util-deprecate-1.0.2.tgz"
  "version" "1.0.2"

"utility@^1.16.1":
  "integrity" "sha1-YIGfcSpuDOd09S+x1pGZKl9Z02I="
  "resolved" "https://r.cnpmjs.org/utility/download/utility-1.17.0.tgz"
  "version" "1.17.0"
  dependencies:
    "copy-to" "^2.0.1"
    "escape-html" "^1.0.3"
    "mkdirp" "^0.5.1"
    "mz" "^2.7.0"
    "unescape" "^1.0.1"

"utility@0.1.11":
  "integrity" "sha1-/eYM+bTkdRlHoM9dEEzik2ciZxU="
  "resolved" "https://r.cnpmjs.org/utility/download/utility-0.1.11.tgz"
  "version" "0.1.11"
  dependencies:
    "address" ">=0.0.1"

"win-release@^1.0.0":
  "integrity" "sha1-X6VeAr58qTTt/BJmVjLoSbcuUgk="
  "resolved" "https://r.cnpmjs.org/win-release/download/win-release-1.1.1.tgz"
  "version" "1.1.1"
  dependencies:
    "semver" "^5.0.1"

"word-wrap@~1.2.3":
  "integrity" "sha1-YQY29rH3A4kb00dxzLF/uTtHB5w="
  "resolved" "https://r.cnpmjs.org/word-wrap/download/word-wrap-1.2.3.tgz"
  "version" "1.2.3"

"wrappy@1":
  "integrity" "sha1-tSQ9jz7BqjXxNkYFvA0QNuMKtp8="
  "resolved" "https://registry.npm.taobao.org/wrappy/download/wrappy-1.0.2.tgz"
  "version" "1.0.2"

"write-file-atomic@^2.4.2":
  "integrity" "sha1-H9Lprh3z51uNjDZ0Q8aS1MqB9IE="
  "resolved" "https://registry.npm.taobao.org/write-file-atomic/download/write-file-atomic-2.4.3.tgz"
  "version" "2.4.3"
  dependencies:
    "graceful-fs" "^4.1.11"
    "imurmurhash" "^0.1.4"
    "signal-exit" "^3.0.2"

"xregexp@2.0.0":
  "integrity" "sha1-UqY+VsoLhKfzpfPWGHLxJq16WUM="
  "resolved" "https://r.cnpmjs.org/xregexp/download/xregexp-2.0.0.tgz"
  "version" "2.0.0"

"yallist@^3.0.2":
  "integrity" "sha1-27fa+b/YusmrRev2ArjLrQ1dCP0="
  "resolved" "https://r.cnpmjs.org/yallist/download/yallist-3.1.1.tgz"
  "version" "3.1.1"

"yallist@^4.0.0":
  "integrity" "sha1-m7knkNnA7/7GO+c1GeEaNQGaOnI="
  "resolved" "https://r.cnpmjs.org/yallist/download/yallist-4.0.0.tgz"
  "version" "4.0.0"
